
Microsoft Visual Studio Solution File, Format Version 12.00
# Visual Studio Version 16
VisualStudioVersion = 16.0.30204.135
MinimumVisualStudioVersion = 10.0.40219.1
Project("{9A19103F-16F7-4668-BE54-9A1E7A4F7556}") = "AzureIotHubDevicesEmulator", "AzureIotHubDevicesEmulator\AzureIotHubDevicesEmulator.csproj", "{D319546A-0027-4E2C-A3F1-868829ED2800}"
EndProject
Project("{2150E333-8FDC-42A3-9474-1A3956D46DE8}") = "Solution Items", "Solution Items", "{9D4D2483-5377-49B5-A077-97A9112E5387}"
	ProjectSection(SolutionItems) = preProject
		.gitignore = .gitignore
	EndProjectSection
EndProject
Global
	GlobalSection(SolutionConfigurationPlatforms) = preSolution
		Debug|Any CPU = Debug|Any CPU
		Release|Any CPU = Release|Any CPU
	EndGlobalSection
	GlobalSection(ProjectConfigurationPlatforms) = postSolution
		{D319546A-0027-4E2C-A3F1-868829ED2800}.Debug|Any CPU.ActiveCfg = Debug|Any CPU
		{D319546A-0027-4E2C-A3F1-868829ED2800}.Debug|Any CPU.Build.0 = Debug|Any CPU
		{D319546A-0027-4E2C-A3F1-868829ED2800}.Release|Any CPU.ActiveCfg = Release|Any CPU
		{D319546A-0027-4E2C-A3F1-868829ED2800}.Release|Any CPU.Build.0 = Release|Any CPU
	EndGlobalSection
	GlobalSection(SolutionProperties) = preSolution
		HideSolutionNode = FALSE
	EndGlobalSection
	GlobalSection(ExtensibilityGlobals) = postSolution
		SolutionGuid = {840152F2-44C3-43C0-A876-1C64F4F172FE}
	EndGlobalSection
EndGlobal
